// !$*UTF8*$!
{
	archiveVersion = 1;
	classes = {
	};
	objectVersion = 46;
	objects = {

/* Begin PBXBuildFile section */
		38070134188F00AB00C0DCB7 /* Tweet.m in Sources */ = {isa = PBXBuildFile; fileRef = 38070131188F00AB00C0DCB7 /* Tweet.m */; };
		38070135188F00AB00C0DCB7 /* TwitterDeveloper.m in Sources */ = {isa = PBXBuildFile; fileRef = 38070133188F00AB00C0DCB7 /* TwitterDeveloper.m */; };
		38FE1314188AF58700DC6F62 /* Foundation.framework in Frameworks */ = {isa = PBXBuildFile; fileRef = 38FE1313188AF58700DC6F62 /* Foundation.framework */; };
		38FE1316188AF58700DC6F62 /* CoreGraphics.framework in Frameworks */ = {isa = PBXBuildFile; fileRef = 38FE1315188AF58700DC6F62 /* CoreGraphics.framework */; };
		38FE1318188AF58700DC6F62 /* UIKit.framework in Frameworks */ = {isa = PBXBuildFile; fileRef = 38FE1317188AF58700DC6F62 /* UIKit.framework */; };
		38FE131E188AF58700DC6F62 /* InfoPlist.strings in Resources */ = {isa = PBXBuildFile; fileRef = 38FE131C188AF58700DC6F62 /* InfoPlist.strings */; };
		38FE1320188AF58700DC6F62 /* main.m in Sources */ = {isa = PBXBuildFile; fileRef = 38FE131F188AF58700DC6F62 /* main.m */; };
		38FE1324188AF58700DC6F62 /* AppDelegate.m in Sources */ = {isa = PBXBuildFile; fileRef = 38FE1323188AF58700DC6F62 /* AppDelegate.m */; };
		38FE1326188AF58700DC6F62 /* Images.xcassets in Resources */ = {isa = PBXBuildFile; fileRef = 38FE1325188AF58700DC6F62 /* Images.xcassets */; };
		38FE132D188AF58700DC6F62 /* XCTest.framework in Frameworks */ = {isa = PBXBuildFile; fileRef = 38FE132C188AF58700DC6F62 /* XCTest.framework */; };
		38FE132E188AF58700DC6F62 /* Foundation.framework in Frameworks */ = {isa = PBXBuildFile; fileRef = 38FE1313188AF58700DC6F62 /* Foundation.framework */; };
		38FE132F188AF58700DC6F62 /* UIKit.framework in Frameworks */ = {isa = PBXBuildFile; fileRef = 38FE1317188AF58700DC6F62 /* UIKit.framework */; };
		38FE1337188AF58700DC6F62 /* InfoPlist.strings in Resources */ = {isa = PBXBuildFile; fileRef = 38FE1335188AF58700DC6F62 /* InfoPlist.strings */; };
		38FE1339188AF58700DC6F62 /* TwapTests.m in Sources */ = {isa = PBXBuildFile; fileRef = 38FE1338188AF58700DC6F62 /* TwapTests.m */; };
		38FE1347188AF7FC00DC6F62 /* MapRegionViewController.m in Sources */ = {isa = PBXBuildFile; fileRef = 38FE1346188AF7FC00DC6F62 /* MapRegionViewController.m */; };
		38FE1349188AF9BE00DC6F62 /* Social.framework in Frameworks */ = {isa = PBXBuildFile; fileRef = 38FE1348188AF9BE00DC6F62 /* Social.framework */; };
		38FE134B188AF9D400DC6F62 /* MapKit.framework in Frameworks */ = {isa = PBXBuildFile; fileRef = 38FE134A188AF9D400DC6F62 /* MapKit.framework */; };
		38FE1352188AFC3E00DC6F62 /* MasterViewController.m in Sources */ = {isa = PBXBuildFile; fileRef = 38FE1351188AFC3E00DC6F62 /* MasterViewController.m */; };
		38FE1355188AFDCB00DC6F62 /* TwitterDataHandler.m in Sources */ = {isa = PBXBuildFile; fileRef = 38FE1354188AFDCB00DC6F62 /* TwitterDataHandler.m */; };
		38FE1358188B053B00DC6F62 /* LocationGetter.m in Sources */ = {isa = PBXBuildFile; fileRef = 38FE1357188B053B00DC6F62 /* LocationGetter.m */; };
		38FE135D188B285900DC6F62 /* Twitter.framework in Frameworks */ = {isa = PBXBuildFile; fileRef = 38FE135C188B285900DC6F62 /* Twitter.framework */; };
		38FE1366188B374600DC6F62 /* Accounts.framework in Frameworks */ = {isa = PBXBuildFile; fileRef = 38FE1365188B374600DC6F62 /* Accounts.framework */; };
		38FE136D188B9CF200DC6F62 /* TweetView.m in Sources */ = {isa = PBXBuildFile; fileRef = 38FE136C188B9CF200DC6F62 /* TweetView.m */; };
		38FE136F188BA2FF00DC6F62 /* favorite.png in Resources */ = {isa = PBXBuildFile; fileRef = 38FE136E188BA2FF00DC6F62 /* favorite.png */; };
		38FE1371188BA30700DC6F62 /* retweet.png in Resources */ = {isa = PBXBuildFile; fileRef = 38FE1370188BA30700DC6F62 /* retweet.png */; };
		38FE1376188BC05D00DC6F62 /* AnimatedOverlay.m in Sources */ = {isa = PBXBuildFile; fileRef = 38FE1375188BC05D00DC6F62 /* AnimatedOverlay.m */; };
		38FE1378188BC09F00DC6F62 /* circle.png in Resources */ = {isa = PBXBuildFile; fileRef = 38FE1377188BC09F00DC6F62 /* circle.png */; };
		38FE137B188BF64200DC6F62 /* AddRegionView.m in Sources */ = {isa = PBXBuildFile; fileRef = 38FE137A188BF64200DC6F62 /* AddRegionView.m */; };
		38FE137D188EFE6F00DC6F62 /* bird.png in Resources */ = {isa = PBXBuildFile; fileRef = 38FE137C188EFE6C00DC6F62 /* bird.png */; };
/* End PBXBuildFile section */

/* Begin PBXContainerItemProxy section */
		38FE1330188AF58700DC6F62 /* PBXContainerItemProxy */ = {
			isa = PBXContainerItemProxy;
			containerPortal = 38FE1308188AF58700DC6F62 /* Project object */;
			proxyType = 1;
			remoteGlobalIDString = 38FE130F188AF58700DC6F62;
			remoteInfo = Twap;
		};
/* End PBXContainerItemProxy section */

/* Begin PBXFileReference section */
		38070130188F00AB00C0DCB7 /* Tweet.h */ = {isa = PBXFileReference; fileEncoding = 4; lastKnownFileType = sourcecode.c.h; path = Tweet.h; sourceTree = "<group>"; };
		38070131188F00AB00C0DCB7 /* Tweet.m */ = {isa = PBXFileReference; fileEncoding = 4; lastKnownFileType = sourcecode.c.objc; path = Tweet.m; sourceTree = "<group>"; };
		38070132188F00AB00C0DCB7 /* TwitterDeveloper.h */ = {isa = PBXFileReference; fileEncoding = 4; lastKnownFileType = sourcecode.c.h; path = TwitterDeveloper.h; sourceTree = "<group>"; };
		38070133188F00AB00C0DCB7 /* TwitterDeveloper.m */ = {isa = PBXFileReference; fileEncoding = 4; lastKnownFileType = sourcecode.c.objc; path = TwitterDeveloper.m; sourceTree = "<group>"; };
		38FE1310188AF58700DC6F62 /* Twap.app */ = {isa = PBXFileReference; explicitFileType = wrapper.application; includeInIndex = 0; path = Twap.app; sourceTree = BUILT_PRODUCTS_DIR; };
		38FE1313188AF58700DC6F62 /* Foundation.framework */ = {isa = PBXFileReference; lastKnownFileType = wrapper.framework; name = Foundation.framework; path = System/Library/Frameworks/Foundation.framework; sourceTree = SDKROOT; };
		38FE1315188AF58700DC6F62 /* CoreGraphics.framework */ = {isa = PBXFileReference; lastKnownFileType = wrapper.framework; name = CoreGraphics.framework; path = System/Library/Frameworks/CoreGraphics.framework; sourceTree = SDKROOT; };
		38FE1317188AF58700DC6F62 /* UIKit.framework */ = {isa = PBXFileReference; lastKnownFileType = wrapper.framework; name = UIKit.framework; path = System/Library/Frameworks/UIKit.framework; sourceTree = SDKROOT; };
		38FE131B188AF58700DC6F62 /* Twap-Info.plist */ = {isa = PBXFileReference; lastKnownFileType = text.plist.xml; path = "Twap-Info.plist"; sourceTree = "<group>"; };
		38FE131D188AF58700DC6F62 /* en */ = {isa = PBXFileReference; lastKnownFileType = text.plist.strings; name = en; path = en.lproj/InfoPlist.strings; sourceTree = "<group>"; };
		38FE131F188AF58700DC6F62 /* main.m */ = {isa = PBXFileReference; lastKnownFileType = sourcecode.c.objc; path = main.m; sourceTree = "<group>"; };
		38FE1321188AF58700DC6F62 /* Twap-Prefix.pch */ = {isa = PBXFileReference; lastKnownFileType = sourcecode.c.h; path = "Twap-Prefix.pch"; sourceTree = "<group>"; };
		38FE1322188AF58700DC6F62 /* AppDelegate.h */ = {isa = PBXFileReference; lastKnownFileType = sourcecode.c.h; path = AppDelegate.h; sourceTree = "<group>"; };
		38FE1323188AF58700DC6F62 /* AppDelegate.m */ = {isa = PBXFileReference; lastKnownFileType = sourcecode.c.objc; path = AppDelegate.m; sourceTree = "<group>"; };
		38FE1325188AF58700DC6F62 /* Images.xcassets */ = {isa = PBXFileReference; lastKnownFileType = folder.assetcatalog; path = Images.xcassets; sourceTree = "<group>"; };
		38FE132B188AF58700DC6F62 /* TwapTests.xctest */ = {isa = PBXFileReference; explicitFileType = wrapper.cfbundle; includeInIndex = 0; path = TwapTests.xctest; sourceTree = BUILT_PRODUCTS_DIR; };
		38FE132C188AF58700DC6F62 /* XCTest.framework */ = {isa = PBXFileReference; lastKnownFileType = wrapper.framework; name = XCTest.framework; path = Library/Frameworks/XCTest.framework; sourceTree = DEVELOPER_DIR; };
		38FE1334188AF58700DC6F62 /* TwapTests-Info.plist */ = {isa = PBXFileReference; lastKnownFileType = text.plist.xml; path = "TwapTests-Info.plist"; sourceTree = "<group>"; };
		38FE1336188AF58700DC6F62 /* en */ = {isa = PBXFileReference; lastKnownFileType = text.plist.strings; name = en; path = en.lproj/InfoPlist.strings; sourceTree = "<group>"; };
		38FE1338188AF58700DC6F62 /* TwapTests.m */ = {isa = PBXFileReference; lastKnownFileType = sourcecode.c.objc; path = TwapTests.m; sourceTree = "<group>"; };
		38FE1344188AF5CF00DC6F62 /* Constant.h */ = {isa = PBXFileReference; lastKnownFileType = sourcecode.c.h; path = Constant.h; sourceTree = "<group>"; };
		38FE1345188AF7FC00DC6F62 /* MapRegionViewController.h */ = {isa = PBXFileReference; fileEncoding = 4; lastKnownFileType = sourcecode.c.h; path = MapRegionViewController.h; sourceTree = "<group>"; };
		38FE1346188AF7FC00DC6F62 /* MapRegionViewController.m */ = {isa = PBXFileReference; fileEncoding = 4; lastKnownFileType = sourcecode.c.objc; path = MapRegionViewController.m; sourceTree = "<group>"; };
		38FE1348188AF9BE00DC6F62 /* Social.framework */ = {isa = PBXFileReference; lastKnownFileType = wrapper.framework; name = Social.framework; path = System/Library/Frameworks/Social.framework; sourceTree = SDKROOT; };
		38FE134A188AF9D400DC6F62 /* MapKit.framework */ = {isa = PBXFileReference; lastKnownFileType = wrapper.framework; name = MapKit.framework; path = System/Library/Frameworks/MapKit.framework; sourceTree = SDKROOT; };
		38FE1350188AFC3E00DC6F62 /* MasterViewController.h */ = {isa = PBXFileReference; fileEncoding = 4; lastKnownFileType = sourcecode.c.h; path = MasterViewController.h; sourceTree = "<group>"; };
		38FE1351188AFC3E00DC6F62 /* MasterViewController.m */ = {isa = PBXFileReference; fileEncoding = 4; lastKnownFileType = sourcecode.c.objc; path = MasterViewController.m; sourceTree = "<group>"; };
		38FE1353188AFDCB00DC6F62 /* TwitterDataHandler.h */ = {isa = PBXFileReference; fileEncoding = 4; lastKnownFileType = sourcecode.c.h; path = TwitterDataHandler.h; sourceTree = "<group>"; };
		38FE1354188AFDCB00DC6F62 /* TwitterDataHandler.m */ = {isa = PBXFileReference; fileEncoding = 4; lastKnownFileType = sourcecode.c.objc; path = TwitterDataHandler.m; sourceTree = "<group>"; };
		38FE1356188B053B00DC6F62 /* LocationGetter.h */ = {isa = PBXFileReference; fileEncoding = 4; lastKnownFileType = sourcecode.c.h; name = LocationGetter.h; path = ../../SoapBox/SoapBox/SoapBox/LocationGetter.h; sourceTree = "<group>"; };
		38FE1357188B053B00DC6F62 /* LocationGetter.m */ = {isa = PBXFileReference; fileEncoding = 4; lastKnownFileType = sourcecode.c.objc; name = LocationGetter.m; path = ../../SoapBox/SoapBox/SoapBox/LocationGetter.m; sourceTree = "<group>"; };
		38FE135C188B285900DC6F62 /* Twitter.framework */ = {isa = PBXFileReference; lastKnownFileType = wrapper.framework; name = Twitter.framework; path = System/Library/Frameworks/Twitter.framework; sourceTree = SDKROOT; };
		38FE1365188B374600DC6F62 /* Accounts.framework */ = {isa = PBXFileReference; lastKnownFileType = wrapper.framework; name = Accounts.framework; path = System/Library/Frameworks/Accounts.framework; sourceTree = SDKROOT; };
		38FE136B188B9CF200DC6F62 /* TweetView.h */ = {isa = PBXFileReference; fileEncoding = 4; lastKnownFileType = sourcecode.c.h; path = TweetView.h; sourceTree = "<group>"; };
		38FE136C188B9CF200DC6F62 /* TweetView.m */ = {isa = PBXFileReference; fileEncoding = 4; lastKnownFileType = sourcecode.c.objc; path = TweetView.m; sourceTree = "<group>"; };
		38FE136E188BA2FF00DC6F62 /* favorite.png */ = {isa = PBXFileReference; lastKnownFileType = image.png; path = favorite.png; sourceTree = "<group>"; };
		38FE1370188BA30700DC6F62 /* retweet.png */ = {isa = PBXFileReference; lastKnownFileType = image.png; path = retweet.png; sourceTree = "<group>"; };
		38FE1372188BB3ED00DC6F62 /* libdispatch.dylib */ = {isa = PBXFileReference; lastKnownFileType = "compiled.mach-o.dylib"; name = libdispatch.dylib; path = usr/lib/system/introspection/libdispatch.dylib; sourceTree = SDKROOT; };
		38FE1374188BC05D00DC6F62 /* AnimatedOverlay.h */ = {isa = PBXFileReference; fileEncoding = 4; lastKnownFileType = sourcecode.c.h; name = AnimatedOverlay.h; path = ../../iOS7AnimatedMapOverlay/iOS7AnimatedOverlayExampleProject/AnimatedOverlay.h; sourceTree = "<group>"; };
		38FE1375188BC05D00DC6F62 /* AnimatedOverlay.m */ = {isa = PBXFileReference; fileEncoding = 4; lastKnownFileType = sourcecode.c.objc; name = AnimatedOverlay.m; path = ../../iOS7AnimatedMapOverlay/iOS7AnimatedOverlayExampleProject/AnimatedOverlay.m; sourceTree = "<group>"; };
		38FE1377188BC09F00DC6F62 /* circle.png */ = {isa = PBXFileReference; lastKnownFileType = image.png; name = circle.png; path = ../../iOS7AnimatedMapOverlay/iOS7AnimatedOverlayExampleProject/circle.png; sourceTree = "<group>"; };
		38FE1379188BF64200DC6F62 /* AddRegionView.h */ = {isa = PBXFileReference; fileEncoding = 4; lastKnownFileType = sourcecode.c.h; path = AddRegionView.h; sourceTree = "<group>"; };
		38FE137A188BF64200DC6F62 /* AddRegionView.m */ = {isa = PBXFileReference; fileEncoding = 4; lastKnownFileType = sourcecode.c.objc; path = AddRegionView.m; sourceTree = "<group>"; };
		38FE137C188EFE6C00DC6F62 /* bird.png */ = {isa = PBXFileReference; lastKnownFileType = image.png; path = bird.png; sourceTree = "<group>"; };
/* End PBXFileReference section */

/* Begin PBXFrameworksBuildPhase section */
		38FE130D188AF58700DC6F62 /* Frameworks */ = {
			isa = PBXFrameworksBuildPhase;
			buildActionMask = 2147483647;
			files = (
				38FE1366188B374600DC6F62 /* Accounts.framework in Frameworks */,
				38FE135D188B285900DC6F62 /* Twitter.framework in Frameworks */,
				38FE134B188AF9D400DC6F62 /* MapKit.framework in Frameworks */,
				38FE1349188AF9BE00DC6F62 /* Social.framework in Frameworks */,
				38FE1316188AF58700DC6F62 /* CoreGraphics.framework in Frameworks */,
				38FE1318188AF58700DC6F62 /* UIKit.framework in Frameworks */,
				38FE1314188AF58700DC6F62 /* Foundation.framework in Frameworks */,
			);
			runOnlyForDeploymentPostprocessing = 0;
		};
		38FE1328188AF58700DC6F62 /* Frameworks */ = {
			isa = PBXFrameworksBuildPhase;
			buildActionMask = 2147483647;
			files = (
				38FE132D188AF58700DC6F62 /* XCTest.framework in Frameworks */,
				38FE132F188AF58700DC6F62 /* UIKit.framework in Frameworks */,
				38FE132E188AF58700DC6F62 /* Foundation.framework in Frameworks */,
			);
			runOnlyForDeploymentPostprocessing = 0;
		};
/* End PBXFrameworksBuildPhase section */

/* Begin PBXGroup section */
		38FE1307188AF58600DC6F62 = {
			isa = PBXGroup;
			children = (
				38FE1319188AF58700DC6F62 /* Twap */,
				38FE1332188AF58700DC6F62 /* TwapTests */,
				38FE1312188AF58700DC6F62 /* Frameworks */,
				38FE1311188AF58700DC6F62 /* Products */,
			);
			sourceTree = "<group>";
		};
		38FE1311188AF58700DC6F62 /* Products */ = {
			isa = PBXGroup;
			children = (
				38FE1310188AF58700DC6F62 /* Twap.app */,
				38FE132B188AF58700DC6F62 /* TwapTests.xctest */,
			);
			name = Products;
			sourceTree = "<group>";
		};
		38FE1312188AF58700DC6F62 /* Frameworks */ = {
			isa = PBXGroup;
			children = (
				38FE1372188BB3ED00DC6F62 /* libdispatch.dylib */,
				38FE1365188B374600DC6F62 /* Accounts.framework */,
				38FE135C188B285900DC6F62 /* Twitter.framework */,
				38FE134A188AF9D400DC6F62 /* MapKit.framework */,
				38FE1348188AF9BE00DC6F62 /* Social.framework */,
				38FE1313188AF58700DC6F62 /* Foundation.framework */,
				38FE1315188AF58700DC6F62 /* CoreGraphics.framework */,
				38FE1317188AF58700DC6F62 /* UIKit.framework */,
				38FE132C188AF58700DC6F62 /* XCTest.framework */,
			);
			name = Frameworks;
			sourceTree = "<group>";
		};
		38FE1319188AF58700DC6F62 /* Twap */ = {
			isa = PBXGroup;
			children = (
				38FE137C188EFE6C00DC6F62 /* bird.png */,
				38FE1377188BC09F00DC6F62 /* circle.png */,
				38FE136E188BA2FF00DC6F62 /* favorite.png */,
				38FE1370188BA30700DC6F62 /* retweet.png */,
				38FE1322188AF58700DC6F62 /* AppDelegate.h */,
				38FE1323188AF58700DC6F62 /* AppDelegate.m */,
				38FE1325188AF58700DC6F62 /* Images.xcassets */,
				38FE1364188B2CBC00DC6F62 /* Twitter */,
				38FE1343188AF5B300DC6F62 /* Objects */,
				38FE1342188AF5A800DC6F62 /* ViewControllers */,
				38FE131A188AF58700DC6F62 /* Supporting Files */,
			);
			path = Twap;
			sourceTree = "<group>";
		};
		38FE131A188AF58700DC6F62 /* Supporting Files */ = {
			isa = PBXGroup;
			children = (
				38FE131B188AF58700DC6F62 /* Twap-Info.plist */,
				38FE131C188AF58700DC6F62 /* InfoPlist.strings */,
				38FE131F188AF58700DC6F62 /* main.m */,
				38FE1321188AF58700DC6F62 /* Twap-Prefix.pch */,
				38FE1344188AF5CF00DC6F62 /* Constant.h */,
			);
			name = "Supporting Files";
			sourceTree = "<group>";
		};
		38FE1332188AF58700DC6F62 /* TwapTests */ = {
			isa = PBXGroup;
			children = (
				38FE1338188AF58700DC6F62 /* TwapTests.m */,
				38FE1333188AF58700DC6F62 /* Supporting Files */,
			);
			path = TwapTests;
			sourceTree = "<group>";
		};
		38FE1333188AF58700DC6F62 /* Supporting Files */ = {
			isa = PBXGroup;
			children = (
				38FE1334188AF58700DC6F62 /* TwapTests-Info.plist */,
				38FE1335188AF58700DC6F62 /* InfoPlist.strings */,
			);
			name = "Supporting Files";
			sourceTree = "<group>";
		};
		38FE1342188AF5A800DC6F62 /* ViewControllers */ = {
			isa = PBXGroup;
			children = (
				38FE1345188AF7FC00DC6F62 /* MapRegionViewController.h */,
				38FE1346188AF7FC00DC6F62 /* MapRegionViewController.m */,
				38FE1350188AFC3E00DC6F62 /* MasterViewController.h */,
				38FE1351188AFC3E00DC6F62 /* MasterViewController.m */,
			);
			name = ViewControllers;
			sourceTree = "<group>";
		};
		38FE1343188AF5B300DC6F62 /* Objects */ = {
			isa = PBXGroup;
			children = (
				38FE1374188BC05D00DC6F62 /* AnimatedOverlay.h */,
				38FE1375188BC05D00DC6F62 /* AnimatedOverlay.m */,
				38FE1356188B053B00DC6F62 /* LocationGetter.h */,
				38FE1357188B053B00DC6F62 /* LocationGetter.m */,
				38FE136B188B9CF200DC6F62 /* TweetView.h */,
				38FE136C188B9CF200DC6F62 /* TweetView.m */,
				38FE1379188BF64200DC6F62 /* AddRegionView.h */,
				38FE137A188BF64200DC6F62 /* AddRegionView.m */,
			);
			name = Objects;
			sourceTree = "<group>";
		};
		38FE1364188B2CBC00DC6F62 /* Twitter */ = {
			isa = PBXGroup;
			children = (
				38070130188F00AB00C0DCB7 /* Tweet.h */,
				38070131188F00AB00C0DCB7 /* Tweet.m */,
				38070132188F00AB00C0DCB7 /* TwitterDeveloper.h */,
				38070133188F00AB00C0DCB7 /* TwitterDeveloper.m */,
				38FE1353188AFDCB00DC6F62 /* TwitterDataHandler.h */,
				38FE1354188AFDCB00DC6F62 /* TwitterDataHandler.m */,
			);
			name = Twitter;
			sourceTree = "<group>";
		};
/* End PBXGroup section */

/* Begin PBXNativeTarget section */
		38FE130F188AF58700DC6F62 /* Twap */ = {
			isa = PBXNativeTarget;
			buildConfigurationList = 38FE133C188AF58700DC6F62 /* Build configuration list for PBXNativeTarget "Twap" */;
			buildPhases = (
				38FE130C188AF58700DC6F62 /* Sources */,
				38FE130D188AF58700DC6F62 /* Frameworks */,
				38FE130E188AF58700DC6F62 /* Resources */,
			);
			buildRules = (
			);
			dependencies = (
			);
			name = Twap;
			productName = Twap;
			productReference = 38FE1310188AF58700DC6F62 /* Twap.app */;
			productType = "com.apple.product-type.application";
		};
		38FE132A188AF58700DC6F62 /* TwapTests */ = {
			isa = PBXNativeTarget;
			buildConfigurationList = 38FE133F188AF58700DC6F62 /* Build configuration list for PBXNativeTarget "TwapTests" */;
			buildPhases = (
				38FE1327188AF58700DC6F62 /* Sources */,
				38FE1328188AF58700DC6F62 /* Frameworks */,
				38FE1329188AF58700DC6F62 /* Resources */,
			);
			buildRules = (
			);
			dependencies = (
				38FE1331188AF58700DC6F62 /* PBXTargetDependency */,
			);
			name = TwapTests;
			productName = TwapTests;
			productReference = 38FE132B188AF58700DC6F62 /* TwapTests.xctest */;
			productType = "com.apple.product-type.bundle.unit-test";
		};
/* End PBXNativeTarget section */

/* Begin PBXProject section */
		38FE1308188AF58700DC6F62 /* Project object */ = {
			isa = PBXProject;
			attributes = {
				LastUpgradeCheck = 0500;
				ORGANIZATIONNAME = jhurrayApps;
				TargetAttributes = {
					38FE132A188AF58700DC6F62 = {
						TestTargetID = 38FE130F188AF58700DC6F62;
					};
				};
			};
			buildConfigurationList = 38FE130B188AF58700DC6F62 /* Build configuration list for PBXProject "Twap" */;
			compatibilityVersion = "Xcode 3.2";
			developmentRegion = English;
			hasScannedForEncodings = 0;
			knownRegions = (
				en,
			);
			mainGroup = 38FE1307188AF58600DC6F62;
			productRefGroup = 38FE1311188AF58700DC6F62 /* Products */;
			projectDirPath = "";
			projectRoot = "";
			targets = (
				38FE130F188AF58700DC6F62 /* Twap */,
				38FE132A188AF58700DC6F62 /* TwapTests */,
			);
		};
/* End PBXProject section */

/* Begin PBXResourcesBuildPhase section */
		38FE130E188AF58700DC6F62 /* Resources */ = {
			isa = PBXResourcesBuildPhase;
			buildActionMask = 2147483647;
			files = (
				38FE131E188AF58700DC6F62 /* InfoPlist.strings in Resources */,
				38FE1326188AF58700DC6F62 /* Images.xcassets in Resources */,
				38FE136F188BA2FF00DC6F62 /* favorite.png in Resources */,
				38FE137D188EFE6F00DC6F62 /* bird.png in Resources */,
				38FE1378188BC09F00DC6F62 /* circle.png in Resources */,
				38FE1371188BA30700DC6F62 /* retweet.png in Resources */,
			);
			runOnlyForDeploymentPostprocessing = 0;
		};
		38FE1329188AF58700DC6F62 /* Resources */ = {
			isa = PBXResourcesBuildPhase;
			buildActionMask = 2147483647;
			files = (
				38FE1337188AF58700DC6F62 /* InfoPlist.strings in Resources */,
			);
			runOnlyForDeploymentPostprocessing = 0;
		};
/* End PBXResourcesBuildPhase section */

/* Begin PBXSourcesBuildPhase section */
		38FE130C188AF58700DC6F62 /* Sources */ = {
			isa = PBXSourcesBuildPhase;
			buildActionMask = 2147483647;
			files = (
				38FE137B188BF64200DC6F62 /* AddRegionView.m in Sources */,
				38FE136D188B9CF200DC6F62 /* TweetView.m in Sources */,
				38FE1376188BC05D00DC6F62 /* AnimatedOverlay.m in Sources */,
				38070134188F00AB00C0DCB7 /* Tweet.m in Sources */,
				38FE1352188AFC3E00DC6F62 /* MasterViewController.m in Sources */,
				38FE1324188AF58700DC6F62 /* AppDelegate.m in Sources */,
				38070135188F00AB00C0DCB7 /* TwitterDeveloper.m in Sources */,
				38FE1347188AF7FC00DC6F62 /* MapRegionViewController.m in Sources */,
				38FE1320188AF58700DC6F62 /* main.m in Sources */,
				38FE1355188AFDCB00DC6F62 /* TwitterDataHandler.m in Sources */,
				38FE1358188B053B00DC6F62 /* LocationGetter.m in Sources */,
			);
			runOnlyForDeploymentPostprocessing = 0;
		};
		38FE1327188AF58700DC6F62 /* Sources */ = {
			isa = PBXSourcesBuildPhase;
			buildActionMask = 2147483647;
			files = (
				38FE1339188AF58700DC6F62 /* TwapTests.m in Sources */,
			);
			runOnlyForDeploymentPostprocessing = 0;
		};
/* End PBXSourcesBuildPhase section */

/* Begin PBXTargetDependency section */
		38FE1331188AF58700DC6F62 /* PBXTargetDependency */ = {
			isa = PBXTargetDependency;
			target = 38FE130F188AF58700DC6F62 /* Twap */;
			targetProxy = 38FE1330188AF58700DC6F62 /* PBXContainerItemProxy */;
		};
/* End PBXTargetDependency section */

/* Begin PBXVariantGroup section */
		38FE131C188AF58700DC6F62 /* InfoPlist.strings */ = {
			isa = PBXVariantGroup;
			children = (
				38FE131D188AF58700DC6F62 /* en */,
			);
			name = InfoPlist.strings;
			sourceTree = "<group>";
		};
		38FE1335188AF58700DC6F62 /* InfoPlist.strings */ = {
			isa = PBXVariantGroup;
			children = (
				38FE1336188AF58700DC6F62 /* en */,
			);
			name = InfoPlist.strings;
			sourceTree = "<group>";
		};
/* End PBXVariantGroup section */

/* Begin XCBuildConfiguration section */
		38FE133A188AF58700DC6F62 /* Debug */ = {
			isa = XCBuildConfiguration;
			buildSettings = {
				ALWAYS_SEARCH_USER_PATHS = NO;
				ARCHS = "$(ARCHS_STANDARD_INCLUDING_64_BIT)";
				CLANG_CXX_LANGUAGE_STANDARD = "gnu++0x";
				CLANG_CXX_LIBRARY = "libc++";
				CLANG_ENABLE_MODULES = YES;
				CLANG_ENABLE_OBJC_ARC = YES;
				CLANG_WARN_BOOL_CONVERSION = YES;
				CLANG_WARN_CONSTANT_CONVERSION = YES;
				CLANG_WARN_DIRECT_OBJC_ISA_USAGE = YES_ERROR;
				CLANG_WARN_EMPTY_BODY = YES;
				CLANG_WARN_ENUM_CONVERSION = YES;
				CLANG_WARN_INT_CONVERSION = YES;
				CLANG_WARN_OBJC_ROOT_CLASS = YES_ERROR;
				CLANG_WARN__DUPLICATE_METHOD_MATCH = YES;
				"CODE_SIGN_IDENTITY[sdk=iphoneos*]" = "iPhone Developer";
				COPY_PHASE_STRIP = NO;
				GCC_C_LANGUAGE_STANDARD = gnu99;
				GCC_DYNAMIC_NO_PIC = NO;
				GCC_OPTIMIZATION_LEVEL = 0;
				GCC_PREPROCESSOR_DEFINITIONS = (
					"DEBUG=1",
					"$(inherited)",
				);
				GCC_SYMBOLS_PRIVATE_EXTERN = NO;
				GCC_WARN_64_TO_32_BIT_CONVERSION = YES;
				GCC_WARN_ABOUT_RETURN_TYPE = YES_ERROR;
				GCC_WARN_UNDECLARED_SELECTOR = YES;
				GCC_WARN_UNINITIALIZED_AUTOS = YES;
				GCC_WARN_UNUSED_FUNCTION = YES;
				GCC_WARN_UNUSED_VARIABLE = YES;
				IPHONEOS_DEPLOYMENT_TARGET = 7.0;
				ONLY_ACTIVE_ARCH = YES;
				SDKROOT = iphoneos;
			};
			name = Debug;
		};
		38FE133B188AF58700DC6F62 /* Release */ = {
			isa = XCBuildConfiguration;
			buildSettings = {
				ALWAYS_SEARCH_USER_PATHS = NO;
				ARCHS = "$(ARCHS_STANDARD_INCLUDING_64_BIT)";
				CLANG_CXX_LANGUAGE_STANDARD = "gnu++0x";
				CLANG_CXX_LIBRARY = "libc++";
				CLANG_ENABLE_MODULES = YES;
				CLANG_ENABLE_OBJC_ARC = YES;
				CLANG_WARN_BOOL_CONVERSION = YES;
				CLANG_WARN_CONSTANT_CONVERSION = YES;
				CLANG_WARN_DIRECT_OBJC_ISA_USAGE = YES_ERROR;
				CLANG_WARN_EMPTY_BODY = YES;
				CLANG_WARN_ENUM_CONVERSION = YES;
				CLANG_WARN_INT_CONVERSION = YES;
				CLANG_WARN_OBJC_ROOT_CLASS = YES_ERROR;
				CLANG_WARN__DUPLICATE_METHOD_MATCH = YES;
				"CODE_SIGN_IDENTITY[sdk=iphoneos*]" = "iPhone Developer";
				COPY_PHASE_STRIP = YES;
				ENABLE_NS_ASSERTIONS = NO;
				GCC_C_LANGUAGE_STANDARD = gnu99;
				GCC_WARN_64_TO_32_BIT_CONVERSION = YES;
				GCC_WARN_ABOUT_RETURN_TYPE = YES_ERROR;
				GCC_WARN_UNDECLARED_SELECTOR = YES;
				GCC_WARN_UNINITIALIZED_AUTOS = YES;
				GCC_WARN_UNUSED_FUNCTION = YES;
				GCC_WARN_UNUSED_VARIABLE = YES;
				IPHONEOS_DEPLOYMENT_TARGET = 7.0;
				SDKROOT = iphoneos;
				VALIDATE_PRODUCT = YES;
			};
			name = Release;
		};
		38FE133D188AF58700DC6F62 /* Debug */ = {
			isa = XCBuildConfiguration;
			buildSettings = {
				ASSETCATALOG_COMPILER_APPICON_NAME = AppIcon;
				ASSETCATALOG_COMPILER_LAUNCHIMAGE_NAME = LaunchImage;
				GCC_PRECOMPILE_PREFIX_HEADER = YES;
				GCC_PREFIX_HEADER = "Twap/Twap-Prefix.pch";
				INFOPLIST_FILE = "Twap/Twap-Info.plist";
				LIBRARY_SEARCH_PATHS = (
					"$(inherited)",
					"$(SDKROOT)/usr/lib/system/introspection",
				);
				PRODUCT_NAME = "$(TARGET_NAME)";
				WRAPPER_EXTENSION = app;
			};
			name = Debug;
		};
		38FE133E188AF58700DC6F62 /* Release */ = {
			isa = XCBuildConfiguration;
			buildSettings = {
				ASSETCATALOG_COMPILER_APPICON_NAME = AppIcon;
				ASSETCATALOG_COMPILER_LAUNCHIMAGE_NAME = LaunchImage;
				GCC_PRECOMPILE_PREFIX_HEADER = YES;
				GCC_PREFIX_HEADER = "Twap/Twap-Prefix.pch";
				INFOPLIST_FILE = "Twap/Twap-Info.plist";
				LIBRARY_SEARCH_PATHS = (
					"$(inherited)",
					"$(SDKROOT)/usr/lib/system/introspection",
				);
				PRODUCT_NAME = "$(TARGET_NAME)";
				WRAPPER_EXTENSION = app;
			};
			name = Release;
		};
		38FE1340188AF58700DC6F62 /* Debug */ = {
			isa = XCBuildConfiguration;
			buildSettings = {
				ARCHS = "$(ARCHS_STANDARD_INCLUDING_64_BIT)";
				BUNDLE_LOADER = "$(BUILT_PRODUCTS_DIR)/Twap.app/Twap";
				FRAMEWORK_SEARCH_PATHS = (
					"$(SDKROOT)/Developer/Library/Frameworks",
					"$(inherited)",
					"$(DEVELOPER_FRAMEWORKS_DIR)",
				);
				GCC_PRECOMPILE_PREFIX_HEADER = YES;
				GCC_PREFIX_HEADER = "Twap/Twap-Prefix.pch";
				GCC_PREPROCESSOR_DEFINITIONS = (
					"DEBUG=1",
					"$(inherited)",
				);
				INFOPLIST_FILE = "TwapTests/TwapTests-Info.plist";
				PRODUCT_NAME = "$(TARGET_NAME)";
				TEST_HOST = "$(BUNDLE_LOADER)";
				WRAPPER_EXTENSION = xctest;
			};
			name = Debug;
		};
		38FE1341188AF58700DC6F62 /* Release */ = {
			isa = XCBuildConfiguration;
			buildSettings = {
				ARCHS = "$(ARCHS_STANDARD_INCLUDING_64_BIT)";
				BUNDLE_LOADER = "$(BUILT_PRODUCTS_DIR)/Twap.app/Twap";
				FRAMEWORK_SEARCH_PATHS = (
					"$(SDKROOT)/Developer/Library/Frameworks",
					"$(inherited)",
					"$(DEVELOPER_FRAMEWORKS_DIR)",
				);
				GCC_PRECOMPILE_PREFIX_HEADER = YES;
				GCC_PREFIX_HEADER = "Twap/Twap-Prefix.pch";
				INFOPLIST_FILE = "TwapTests/TwapTests-Info.plist";
				PRODUCT_NAME = "$(TARGET_NAME)";
				TEST_HOST = "$(BUNDLE_LOADER)";
				WRAPPER_EXTENSION = xctest;
			};
			name = Release;
		};
/* End XCBuildConfiguration section */

/* Begin XCConfigurationList section */
		38FE130B188AF58700DC6F62 /* Build configuration list for PBXProject "Twap" */ = {
			isa = XCConfigurationList;
			buildConfigurations = (
				38FE133A188AF58700DC6F62 /* Debug */,
				38FE133B188AF58700DC6F62 /* Release */,
			);
			defaultConfigurationIsVisible = 0;
			defaultConfigurationName = Release;
		};
		38FE133C188AF58700DC6F62 /* Build configuration list for PBXNativeTarget "Twap" */ = {
			isa = XCConfigurationList;
			buildConfigurations = (
				38FE133D188AF58700DC6F62 /* Debug */,
				38FE133E188AF58700DC6F62 /* Release */,
			);
			defaultConfigurationIsVisible = 0;
			defaultConfigurationName = Release;
		};
		38FE133F188AF58700DC6F62 /* Build configuration list for PBXNativeTarget "TwapTests" */ = {
			isa = XCConfigurationList;
			buildConfigurations = (
				38FE1340188AF58700DC6F62 /* Debug */,
				38FE1341188AF58700DC6F62 /* Release */,
			);
			defaultConfigurationIsVisible = 0;
			defaultConfigurationName = Release;
		};
/* End XCConfigurationList section */
	};
	rootObject = 38FE1308188AF58700DC6F62 /* Project object */;
}
